{
  "name": "Pokedex",
  "lockfileVersion": 3,
  "requires": true,
  "packages": {
    "": {
      "dependencies": {
        "js-circle-progress": "^1.0.0"
      }
    },
    "node_modules/js-circle-progress": {
      "version": "1.0.0",
      "resolved": "https://registry.npmjs.org/js-circle-progress/-/js-circle-progress-1.0.0.tgz",
      "integrity": "sha512-NQoSgFGHydN+HZghXwCUj2nrD5F8HoFopHT87QzyPtxqqMr4iIrj0pb8ot2zFLLgD10agSmP5zYZJaXhXnVe/A==",
      "license": "MIT"
    }
  }
}
